
Microsoft Visual Studio Solution File, Format Version 12.00
# Visual Studio 2015
Project("{FAE04EC0-301F-11D3-BF4B-00C04F79EFBC}") = "UnityProject PJSK.CSharp", "UnityProject PJSK.CSharp.csproj", "{ED5EF550-6EED-2E3A-6D20-17BD1A61416B}"
EndProject
Project("{FAE04EC0-301F-11D3-BF4B-00C04F79EFBC}") = "UnityProject PJSK.CSharp.Editor", "UnityProject PJSK.CSharp.Editor.csproj", "{498D3FC7-2A80-A628-9D7C-5F3DC636E0BA}"
EndProject
Project("{91E4424F-54B7-400A-D48D-3B09018B21AC}") = "UnityProject PJSK", "Assembly-CSharp-Editor.csproj", "{54A29A4D-BB48-7955-9605-8FC8BA942378}"
EndProject
Global
	GlobalSection(SolutionConfigurationPlatforms) = preSolution
		Debug|Any CPU = Debug|Any CPU
		Release|Any CPU = Release|Any CPU
	EndGlobalSection
	GlobalSection(ProjectConfigurationPlatforms) = postSolution
<<<<<<< HEAD
		{ED5EF550-6EED-2E3A-6D20-17BD1A61416B}.Debug|Any CPU.ActiveCfg = Debug|Any CPU
		{ED5EF550-6EED-2E3A-6D20-17BD1A61416B}.Debug|Any CPU.Build.0 = Debug|Any CPU
		{ED5EF550-6EED-2E3A-6D20-17BD1A61416B}.Release|Any CPU.ActiveCfg = Release|Any CPU
		{ED5EF550-6EED-2E3A-6D20-17BD1A61416B}.Release|Any CPU.Build.0 = Release|Any CPU
		{498D3FC7-2A80-A628-9D7C-5F3DC636E0BA}.Debug|Any CPU.ActiveCfg = Debug|Any CPU
		{498D3FC7-2A80-A628-9D7C-5F3DC636E0BA}.Debug|Any CPU.Build.0 = Debug|Any CPU
		{498D3FC7-2A80-A628-9D7C-5F3DC636E0BA}.Release|Any CPU.ActiveCfg = Release|Any CPU
		{498D3FC7-2A80-A628-9D7C-5F3DC636E0BA}.Release|Any CPU.Build.0 = Release|Any CPU
=======
		{9AE5EAF0-A710-F632-4331-72474F1B24E2}.Debug|Any CPU.ActiveCfg = Debug|Any CPU
		{9AE5EAF0-A710-F632-4331-72474F1B24E2}.Debug|Any CPU.Build.0 = Debug|Any CPU
		{9AE5EAF0-A710-F632-4331-72474F1B24E2}.Release|Any CPU.ActiveCfg = Release|Any CPU
		{9AE5EAF0-A710-F632-4331-72474F1B24E2}.Release|Any CPU.Build.0 = Release|Any CPU
		{54A29A4D-BB48-7955-9605-8FC8BA942378}.Debug|Any CPU.ActiveCfg = Debug|Any CPU
		{54A29A4D-BB48-7955-9605-8FC8BA942378}.Debug|Any CPU.Build.0 = Debug|Any CPU
		{54A29A4D-BB48-7955-9605-8FC8BA942378}.Release|Any CPU.ActiveCfg = Release|Any CPU
		{54A29A4D-BB48-7955-9605-8FC8BA942378}.Release|Any CPU.Build.0 = Release|Any CPU
>>>>>>> f827d8eb5c33f8729d66c054be3c253f8df16aeb
	EndGlobalSection
	GlobalSection(SolutionProperties) = preSolution
		HideSolutionNode = FALSE
	EndGlobalSection
EndGlobal
