Microsoft Visual Studio Solution File, Format Version 11.00
# Visual Studio 2008

Project("{91E4424F-54B7-400A-D48D-3B09018B21AC}") = "UnityProject PJSK", "Assembly-CSharp.csproj", "{9AE5EAF0-A710-F632-4331-72474F1B24E2}"
EndProject
Global
	GlobalSection(SolutionConfigurationPlatforms) = preSolution
		Debug|Any CPU = Debug|Any CPU
		Release|Any CPU = Release|Any CPU
	EndGlobalSection
	GlobalSection(ProjectConfigurationPlatforms) = postSolution
		{9AE5EAF0-A710-F632-4331-72474F1B24E2}.Debug|Any CPU.ActiveCfg = Debug|Any CPU
		{9AE5EAF0-A710-F632-4331-72474F1B24E2}.Debug|Any CPU.Build.0 = Debug|Any CPU
		{9AE5EAF0-A710-F632-4331-72474F1B24E2}.Release|Any CPU.ActiveCfg = Release|Any CPU
		{9AE5EAF0-A710-F632-4331-72474F1B24E2}.Release|Any CPU.Build.0 = Release|Any CPU
	EndGlobalSection
	GlobalSection(SolutionProperties) = preSolution
		HideSolutionNode = FALSE
	EndGlobalSection
			GlobalSection(MonoDevelopProperties) = preSolution
		StartupItem = Assembly-CSharp.csproj
	EndGlobalSection

EndGlobal
